{
    "_meta": {
        "hash": {
            "sha256": "77877f81651aefa63d07e03649cfff0476776243a58d7c614ffe7eb0e49e2fe8"
        },
        "pipfile-spec": 6,
        "requires": {},
        "sources": [
            {
                "name": "pypi",
                "url": "https://pypi.org/simple",
                "verify_ssl": true
            }
        ]
    },
    "default": {
        "ply": {
            "hashes": [
                "sha256:00c7c1aaa88358b9c765b6d3000c6eec0ba42abca5351b095321aef446081da3",
                "sha256:096f9b8350b65ebd2fd1346b12452efe5b9607f7482813ffca50c22722a807ce"
            ],
            "version": "==3.11"
        },
        "setuptools": {
            "hashes": [
                "sha256:11e52c67415a381d10d6b462ced9cfb97066179f0e871399e006c4ab101fc85f",
                "sha256:baf1fdb41c6da4cd2eae722e135500da913332ab3f2f5c7d33af9b492acb5235"
            ],
            "markers": "python_version >= '3.7'",
            "version": "==68.0.0"
        },
        "solidpython2": {
            "hashes": [
                "sha256:4048a7c60da939838c570c2745d7d7f67b7f115b93a0152588a7c3c7032bc88e",
                "sha256:861911c9107bd6fb3b4d3a3713e8058a4dc5bbf2755ed5471005dda258aa8b74"
            ],
            "index": "pypi",
            "markers": "python_version >= '3.7'",
            "version": "==2.0.3"
        }
    },
    "develop": {
        "flake8": {
            "hashes": [
                "sha256:6fbe320aad8d6b95cec8b8e47bc933004678dc63095be98528b7bdd2a9f510db",
                "sha256:7a1cf6b73744f5806ab95e526f6f0d8c01c66d7bbe349562d22dfca20610b248"
            ],
            "index": "pypi",
            "markers": "python_full_version >= '3.6.1'",
            "version": "==5.0.4"
        },
        "importlib-metadata": {
            "hashes": [
                "sha256:057e92c15bc8d9e8109738a48db0ccb31b4d9d5cfbee5a8670879a30be66304b",
                "sha256:b7e52a1f8dec14a75ea73e0891f3060099ca1d8e6a462a4dff11c3e119ea1b31"
            ],
            "markers": "python_version < '3.8'",
            "version": "==4.2.0"
        },
        "mccabe": {
            "hashes": [
                "sha256:348e0240c33b60bbdf4e523192ef919f28cb2c3d7d5c7794f74009290f236325",
                "sha256:6c2d30ab6be0e4a46919781807b4f0d834ebdd6c6e3dca0bda5a15f863427b6e"
            ],
            "markers": "python_version >= '3.6'",
            "version": "==0.7.0"
        },
        "pycodestyle": {
            "hashes": [
                "sha256:2c9607871d58c76354b697b42f5d57e1ada7d261c261efac224b664affdc5785",
                "sha256:d1735fc58b418fd7c5f658d28d943854f8a849b01a5d0a1e6f3f3fdd0166804b"
            ],
            "markers": "python_version >= '3.6'",
            "version": "==2.9.1"
        },
        "pyflakes": {
            "hashes": [
                "sha256:4579f67d887f804e67edb544428f264b7b24f435b263c4614f384135cea553d2",
                "sha256:491feb020dca48ccc562a8c0cbe8df07ee13078df59813b83959cbdada312ea3"
            ],
            "markers": "python_version >= '3.6'",
            "version": "==2.5.0"
        },
        "typing-extensions": {
            "hashes": [
                "sha256:440d5dd3af93b060174bf433bccd69b0babc3b15b1a8dca43789fd7f61514b36",
                "sha256:b75ddc264f0ba5615db7ba217daeb99701ad295353c45f9e95963337ceeeffb2"
            ],
            "markers": "python_version < '3.8'",
            "version": "==4.7.1"
        },
        "zipp": {
            "hashes": [
                "sha256:112929ad649da941c23de50f356a2b5570c954b65150642bccdd66bf194d224b",
                "sha256:48904fc76a60e542af151aded95726c1a5c34ed43ab4134b597665c86d7ad556"
            ],
            "markers": "python_version >= '3.7'",
            "version": "==3.15.0"
        }
    }
}
